Microsoft Visual Studio Solution File, Format Version 12.00
# Visual Studio 15
VisualStudioVersion = 15.0.28307.421
MinimumVisualStudioVersion = 10.0.40219.1
Project("{FAE04EC0-301F-11D3-BF4B-00C04F79EFBC}") = "PrototypeSample.Android", "PrototypeSample.Android\PrototypeSample.Android.csproj", "{BD5E2BB0-BB9E-4A75-8B10-89DEED9063C1}"
EndProject
Project("{FAE04EC0-301F-11D3-BF4B-00C04F79EFBC}") = "PrototypeSample.iOS", "PrototypeSample.iOS\PrototypeSample.iOS.csproj", "{B0959C02-EFDC-4A82-A8E0-C7799A5F69EF}"
EndProject
Project("{9A19103F-16F7-4668-BE54-9A1E7A4F7556}") = "PrototypeSample", "PrototypeSample\PrototypeSample.csproj", "{F5A0B511-DAB4-4423-AB8D-305D7F28C32E}"
EndProject
Project("{2150E333-8FDC-42A3-9474-1A3956D46DE8}") = "Platform", "Platform", "{1B70A7E2-7E4D-4BDF-9E0E-500F711788CD}"
EndProject
Project("{9A19103F-16F7-4668-BE54-9A1E7A4F7556}") = "PrototypeSample.Core", "PrototypeSample.Core\PrototypeSample.Core.csproj", "{7948EED8-BA22-4E25-A4DC-51A21449D546}"
EndProject
Project("{2150E333-8FDC-42A3-9474-1A3956D46DE8}") = "Mvvm", "Mvvm", "{10E91BE0-9D4C-4FC4-9E09-DB406CA2E234}"
EndProject
Project("{FAE04EC0-301F-11D3-BF4B-00C04F79EFBC}") = "PrototypeSample.UWP", "PrototypeSample.UWP\PrototypeSample.UWP.csproj", "{C9114154-B133-4ABC-8CFD-0712E55DF26F}"
EndProject
Project("{FAE04EC0-301F-11D3-BF4B-00C04F79EFBC}") = "Robo.Mvvm", "..\src\Robo.Mvvm\Robo.Mvvm.csproj", "{A9614C84-B06C-4413-A2F8-71977372487F}"
EndProject
Project("{FAE04EC0-301F-11D3-BF4B-00C04F79EFBC}") = "Robo.Mvvm.Forms", "..\src\Robo.Mvvm.Forms\Robo.Mvvm.Forms.csproj", "{144C9179-286F-42B3-B80B-FB5BD6E296FB}"
EndProject
Global
	GlobalSection(SolutionConfigurationPlatforms) = preSolution
		Debug|Any CPU = Debug|Any CPU
		Debug|ARM = Debug|ARM
		Debug|ARM64 = Debug|ARM64
		Debug|iPhone = Debug|iPhone
		Debug|iPhoneSimulator = Debug|iPhoneSimulator
		Debug|x64 = Debug|x64
		Debug|x86 = Debug|x86
		Release|Any CPU = Release|Any CPU
		Release|ARM = Release|ARM
		Release|ARM64 = Release|ARM64
		Release|iPhone = Release|iPhone
		Release|iPhoneSimulator = Release|iPhoneSimulator
		Release|x64 = Release|x64
		Release|x86 = Release|x86
	EndGlobalSection
	GlobalSection(ProjectConfigurationPlatforms) = postSolution
		{BD5E2BB0-BB9E-4A75-8B10-89DEED9063C1}.Debug|Any CPU.ActiveCfg = Debug|Any CPU
		{BD5E2BB0-BB9E-4A75-8B10-89DEED9063C1}.Debug|Any CPU.Build.0 = Debug|Any CPU
		{BD5E2BB0-BB9E-4A75-8B10-89DEED9063C1}.Debug|ARM.ActiveCfg = Debug|Any CPU
		{BD5E2BB0-BB9E-4A75-8B10-89DEED9063C1}.Debug|ARM.Build.0 = Debug|Any CPU
		{BD5E2BB0-BB9E-4A75-8B10-89DEED9063C1}.Debug|ARM.Deploy.0 = Debug|Any CPU
		{BD5E2BB0-BB9E-4A75-8B10-89DEED9063C1}.Debug|ARM64.ActiveCfg = Debug|Any CPU
		{BD5E2BB0-BB9E-4A75-8B10-89DEED9063C1}.Debug|ARM64.Build.0 = Debug|Any CPU
		{BD5E2BB0-BB9E-4A75-8B10-89DEED9063C1}.Debug|ARM64.Deploy.0 = Debug|Any CPU
		{BD5E2BB0-BB9E-4A75-8B10-89DEED9063C1}.Debug|iPhone.ActiveCfg = Debug|Any CPU
		{BD5E2BB0-BB9E-4A75-8B10-89DEED9063C1}.Debug|iPhone.Build.0 = Debug|Any CPU
		{BD5E2BB0-BB9E-4A75-8B10-89DEED9063C1}.Debug|iPhoneSimulator.ActiveCfg = Debug|Any CPU
		{BD5E2BB0-BB9E-4A75-8B10-89DEED9063C1}.Debug|iPhoneSimulator.Build.0 = Debug|Any CPU
		{BD5E2BB0-BB9E-4A75-8B10-89DEED9063C1}.Debug|iPhoneSimulator.Deploy.0 = Debug|Any CPU
		{BD5E2BB0-BB9E-4A75-8B10-89DEED9063C1}.Debug|x64.ActiveCfg = Debug|Any CPU
		{BD5E2BB0-BB9E-4A75-8B10-89DEED9063C1}.Debug|x64.Build.0 = Debug|Any CPU
		{BD5E2BB0-BB9E-4A75-8B10-89DEED9063C1}.Debug|x64.Deploy.0 = Debug|Any CPU
		{BD5E2BB0-BB9E-4A75-8B10-89DEED9063C1}.Debug|x86.ActiveCfg = Debug|Any CPU
		{BD5E2BB0-BB9E-4A75-8B10-89DEED9063C1}.Debug|x86.Build.0 = Debug|Any CPU
		{BD5E2BB0-BB9E-4A75-8B10-89DEED9063C1}.Debug|x86.Deploy.0 = Debug|Any CPU
		{BD5E2BB0-BB9E-4A75-8B10-89DEED9063C1}.Release|Any CPU.ActiveCfg = Release|Any CPU
		{BD5E2BB0-BB9E-4A75-8B10-89DEED9063C1}.Release|Any CPU.Build.0 = Release|Any CPU
		{BD5E2BB0-BB9E-4A75-8B10-89DEED9063C1}.Release|ARM.ActiveCfg = Release|Any CPU
		{BD5E2BB0-BB9E-4A75-8B10-89DEED9063C1}.Release|ARM.Build.0 = Release|Any CPU
		{BD5E2BB0-BB9E-4A75-8B10-89DEED9063C1}.Release|ARM.Deploy.0 = Release|Any CPU
		{BD5E2BB0-BB9E-4A75-8B10-89DEED9063C1}.Release|ARM64.ActiveCfg = Release|Any CPU
		{BD5E2BB0-BB9E-4A75-8B10-89DEED9063C1}.Release|ARM64.Build.0 = Release|Any CPU
		{BD5E2BB0-BB9E-4A75-8B10-89DEED9063C1}.Release|ARM64.Deploy.0 = Release|Any CPU
		{BD5E2BB0-BB9E-4A75-8B10-89DEED9063C1}.Release|iPhone.ActiveCfg = Release|Any CPU
		{BD5E2BB0-BB9E-4A75-8B10-89DEED9063C1}.Release|iPhone.Build.0 = Release|Any CPU
		{BD5E2BB0-BB9E-4A75-8B10-89DEED9063C1}.Release|iPhoneSimulator.ActiveCfg = Release|Any CPU
		{BD5E2BB0-BB9E-4A75-8B10-89DEED9063C1}.Release|iPhoneSimulator.Build.0 = Release|Any CPU
		{BD5E2BB0-BB9E-4A75-8B10-89DEED9063C1}.Release|x64.ActiveCfg = Release|Any CPU
		{BD5E2BB0-BB9E-4A75-8B10-89DEED9063C1}.Release|x64.Build.0 = Release|Any CPU
		{BD5E2BB0-BB9E-4A75-8B10-89DEED9063C1}.Release|x64.Deploy.0 = Release|Any CPU
		{BD5E2BB0-BB9E-4A75-8B10-89DEED9063C1}.Release|x86.ActiveCfg = Release|Any CPU
		{BD5E2BB0-BB9E-4A75-8B10-89DEED9063C1}.Release|x86.Build.0 = Release|Any CPU
		{BD5E2BB0-BB9E-4A75-8B10-89DEED9063C1}.Release|x86.Deploy.0 = Release|Any CPU
		{B0959C02-EFDC-4A82-A8E0-C7799A5F69EF}.Debug|Any CPU.ActiveCfg = Debug|iPhoneSimulator
		{B0959C02-EFDC-4A82-A8E0-C7799A5F69EF}.Debug|Any CPU.Build.0 = Debug|iPhoneSimulator
		{B0959C02-EFDC-4A82-A8E0-C7799A5F69EF}.Debug|ARM.ActiveCfg = Debug|iPhone
		{B0959C02-EFDC-4A82-A8E0-C7799A5F69EF}.Debug|ARM64.ActiveCfg = Debug|iPhone
		{B0959C02-EFDC-4A82-A8E0-C7799A5F69EF}.Debug|iPhone.ActiveCfg = Debug|iPhone
		{B0959C02-EFDC-4A82-A8E0-C7799A5F69EF}.Debug|iPhone.Build.0 = Debug|iPhone
		{B0959C02-EFDC-4A82-A8E0-C7799A5F69EF}.Debug|iPhoneSimulator.ActiveCfg = Debug|iPhoneSimulator
		{B0959C02-EFDC-4A82-A8E0-C7799A5F69EF}.Debug|iPhoneSimulator.Build.0 = Debug|iPhoneSimulator
		{B0959C02-EFDC-4A82-A8E0-C7799A5F69EF}.Debug|x64.ActiveCfg = Debug|iPhone
		{B0959C02-EFDC-4A82-A8E0-C7799A5F69EF}.Debug|x86.ActiveCfg = Debug|iPhone
		{B0959C02-EFDC-4A82-A8E0-C7799A5F69EF}.Release|Any CPU.ActiveCfg = Release|iPhoneSimulator
		{B0959C02-EFDC-4A82-A8E0-C7799A5F69EF}.Release|Any CPU.Build.0 = Release|iPhoneSimulator
		{B0959C02-EFDC-4A82-A8E0-C7799A5F69EF}.Release|ARM.ActiveCfg = Release|iPhone
		{B0959C02-EFDC-4A82-A8E0-C7799A5F69EF}.Release|ARM64.ActiveCfg = Release|iPhone
		{B0959C02-EFDC-4A82-A8E0-C7799A5F69EF}.Release|iPhone.ActiveCfg = Release|iPhone
		{B0959C02-EFDC-4A82-A8E0-C7799A5F69EF}.Release|iPhone.Build.0 = Release|iPhone
		{B0959C02-EFDC-4A82-A8E0-C7799A5F69EF}.Release|iPhoneSimulator.ActiveCfg = Release|iPhoneSimulator
		{B0959C02-EFDC-4A82-A8E0-C7799A5F69EF}.Release|iPhoneSimulator.Build.0 = Release|iPhoneSimulator
		{B0959C02-EFDC-4A82-A8E0-C7799A5F69EF}.Release|x64.ActiveCfg = Release|iPhone
		{B0959C02-EFDC-4A82-A8E0-C7799A5F69EF}.Release|x86.ActiveCfg = Release|iPhone
		{F5A0B511-DAB4-4423-AB8D-305D7F28C32E}.Debug|Any CPU.ActiveCfg = Debug|Any CPU
		{F5A0B511-DAB4-4423-AB8D-305D7F28C32E}.Debug|Any CPU.Build.0 = Debug|Any CPU
		{F5A0B511-DAB4-4423-AB8D-305D7F28C32E}.Debug|ARM.ActiveCfg = Debug|Any CPU
		{F5A0B511-DAB4-4423-AB8D-305D7F28C32E}.Debug|ARM.Build.0 = Debug|Any CPU
		{F5A0B511-DAB4-4423-AB8D-305D7F28C32E}.Debug|ARM64.ActiveCfg = Debug|Any CPU
		{F5A0B511-DAB4-4423-AB8D-305D7F28C32E}.Debug|ARM64.Build.0 = Debug|Any CPU
		{F5A0B511-DAB4-4423-AB8D-305D7F28C32E}.Debug|iPhone.ActiveCfg = Debug|Any CPU
		{F5A0B511-DAB4-4423-AB8D-305D7F28C32E}.Debug|iPhone.Build.0 = Debug|Any CPU
		{F5A0B511-DAB4-4423-AB8D-305D7F28C32E}.Debug|iPhoneSimulator.ActiveCfg = Debug|Any CPU
		{F5A0B511-DAB4-4423-AB8D-305D7F28C32E}.Debug|iPhoneSimulator.Build.0 = Debug|Any CPU
		{F5A0B511-DAB4-4423-AB8D-305D7F28C32E}.Debug|x64.ActiveCfg = Debug|Any CPU
		{F5A0B511-DAB4-4423-AB8D-305D7F28C32E}.Debug|x64.Build.0 = Debug|Any CPU
		{F5A0B511-DAB4-4423-AB8D-305D7F28C32E}.Debug|x86.ActiveCfg = Debug|Any CPU
		{F5A0B511-DAB4-4423-AB8D-305D7F28C32E}.Debug|x86.Build.0 = Debug|Any CPU
		{F5A0B511-DAB4-4423-AB8D-305D7F28C32E}.Release|Any CPU.ActiveCfg = Release|Any CPU
		{F5A0B511-DAB4-4423-AB8D-305D7F28C32E}.Release|Any CPU.Build.0 = Release|Any CPU
		{F5A0B511-DAB4-4423-AB8D-305D7F28C32E}.Release|ARM.ActiveCfg = Release|Any CPU
		{F5A0B511-DAB4-4423-AB8D-305D7F28C32E}.Release|ARM.Build.0 = Release|Any CPU
		{F5A0B511-DAB4-4423-AB8D-305D7F28C32E}.Release|ARM64.ActiveCfg = Release|Any CPU
		{F5A0B511-DAB4-4423-AB8D-305D7F28C32E}.Release|ARM64.Build.0 = Release|Any CPU
		{F5A0B511-DAB4-4423-AB8D-305D7F28C32E}.Release|iPhone.ActiveCfg = Release|Any CPU
		{F5A0B511-DAB4-4423-AB8D-305D7F28C32E}.Release|iPhone.Build.0 = Release|Any CPU
		{F5A0B511-DAB4-4423-AB8D-305D7F28C32E}.Release|iPhoneSimulator.ActiveCfg = Release|Any CPU
		{F5A0B511-DAB4-4423-AB8D-305D7F28C32E}.Release|iPhoneSimulator.Build.0 = Release|Any CPU
		{F5A0B511-DAB4-4423-AB8D-305D7F28C32E}.Release|x64.ActiveCfg = Release|Any CPU
		{F5A0B511-DAB4-4423-AB8D-305D7F28C32E}.Release|x64.Build.0 = Release|Any CPU
		{F5A0B511-DAB4-4423-AB8D-305D7F28C32E}.Release|x86.ActiveCfg = Release|Any CPU
		{F5A0B511-DAB4-4423-AB8D-305D7F28C32E}.Release|x86.Build.0 = Release|Any CPU
		{7948EED8-BA22-4E25-A4DC-51A21449D546}.Debug|Any CPU.ActiveCfg = Debug|Any CPU
		{7948EED8-BA22-4E25-A4DC-51A21449D546}.Debug|Any CPU.Build.0 = Debug|Any CPU
		{7948EED8-BA22-4E25-A4DC-51A21449D546}.Debug|ARM.ActiveCfg = Debug|Any CPU
		{7948EED8-BA22-4E25-A4DC-51A21449D546}.Debug|ARM.Build.0 = Debug|Any CPU
		{7948EED8-BA22-4E25-A4DC-51A21449D546}.Debug|ARM64.ActiveCfg = Debug|Any CPU
		{7948EED8-BA22-4E25-A4DC-51A21449D546}.Debug|ARM64.Build.0 = Debug|Any CPU
		{7948EED8-BA22-4E25-A4DC-51A21449D546}.Debug|iPhone.ActiveCfg = Debug|Any CPU
		{7948EED8-BA22-4E25-A4DC-51A21449D546}.Debug|iPhone.Build.0 = Debug|Any CPU
		{7948EED8-BA22-4E25-A4DC-51A21449D546}.Debug|iPhoneSimulator.ActiveCfg = Debug|Any CPU
		{7948EED8-BA22-4E25-A4DC-51A21449D546}.Debug|iPhoneSimulator.Build.0 = Debug|Any CPU
		{7948EED8-BA22-4E25-A4DC-51A21449D546}.Debug|x64.ActiveCfg = Debug|Any CPU
		{7948EED8-BA22-4E25-A4DC-51A21449D546}.Debug|x64.Build.0 = Debug|Any CPU
		{7948EED8-BA22-4E25-A4DC-51A21449D546}.Debug|x86.ActiveCfg = Debug|Any CPU
		{7948EED8-BA22-4E25-A4DC-51A21449D546}.Debug|x86.Build.0 = Debug|Any CPU
		{7948EED8-BA22-4E25-A4DC-51A21449D546}.Release|Any CPU.ActiveCfg = Release|Any CPU
		{7948EED8-BA22-4E25-A4DC-51A21449D546}.Release|Any CPU.Build.0 = Release|Any CPU
		{7948EED8-BA22-4E25-A4DC-51A21449D546}.Release|ARM.ActiveCfg = Release|Any CPU
		{7948EED8-BA22-4E25-A4DC-51A21449D546}.Release|ARM.Build.0 = Release|Any CPU
		{7948EED8-BA22-4E25-A4DC-51A21449D546}.Release|ARM64.ActiveCfg = Release|Any CPU
		{7948EED8-BA22-4E25-A4DC-51A21449D546}.Release|ARM64.Build.0 = Release|Any CPU
		{7948EED8-BA22-4E25-A4DC-51A21449D546}.Release|iPhone.ActiveCfg = Release|Any CPU
		{7948EED8-BA22-4E25-A4DC-51A21449D546}.Release|iPhone.Build.0 = Release|Any CPU
		{7948EED8-BA22-4E25-A4DC-51A21449D546}.Release|iPhoneSimulator.ActiveCfg = Release|Any CPU
		{7948EED8-BA22-4E25-A4DC-51A21449D546}.Release|iPhoneSimulator.Build.0 = Release|Any CPU
		{7948EED8-BA22-4E25-A4DC-51A21449D546}.Release|x64.ActiveCfg = Release|Any CPU
		{7948EED8-BA22-4E25-A4DC-51A21449D546}.Release|x64.Build.0 = Release|Any CPU
		{7948EED8-BA22-4E25-A4DC-51A21449D546}.Release|x86.ActiveCfg = Release|Any CPU
		{7948EED8-BA22-4E25-A4DC-51A21449D546}.Release|x86.Build.0 = Release|Any CPU
		{C9114154-B133-4ABC-8CFD-0712E55DF26F}.Debug|Any CPU.ActiveCfg = Debug|x86
		{C9114154-B133-4ABC-8CFD-0712E55DF26F}.Debug|ARM.ActiveCfg = Debug|ARM
		{C9114154-B133-4ABC-8CFD-0712E55DF26F}.Debug|ARM.Build.0 = Debug|ARM
		{C9114154-B133-4ABC-8CFD-0712E55DF26F}.Debug|ARM.Deploy.0 = Debug|ARM
		{C9114154-B133-4ABC-8CFD-0712E55DF26F}.Debug|ARM64.ActiveCfg = Debug|ARM64
		{C9114154-B133-4ABC-8CFD-0712E55DF26F}.Debug|ARM64.Build.0 = Debug|ARM64
		{C9114154-B133-4ABC-8CFD-0712E55DF26F}.Debug|ARM64.Deploy.0 = Debug|ARM64
		{C9114154-B133-4ABC-8CFD-0712E55DF26F}.Debug|iPhone.ActiveCfg = Debug|x86
		{C9114154-B133-4ABC-8CFD-0712E55DF26F}.Debug|iPhoneSimulator.ActiveCfg = Debug|x86
		{C9114154-B133-4ABC-8CFD-0712E55DF26F}.Debug|iPhoneSimulator.Build.0 = Debug|x86
		{C9114154-B133-4ABC-8CFD-0712E55DF26F}.Debug|iPhoneSimulator.Deploy.0 = Debug|x86
		{C9114154-B133-4ABC-8CFD-0712E55DF26F}.Debug|x64.ActiveCfg = Debug|x64
		{C9114154-B133-4ABC-8CFD-0712E55DF26F}.Debug|x64.Build.0 = Debug|x64
		{C9114154-B133-4ABC-8CFD-0712E55DF26F}.Debug|x64.Deploy.0 = Debug|x64
		{C9114154-B133-4ABC-8CFD-0712E55DF26F}.Debug|x86.ActiveCfg = Debug|x86
		{C9114154-B133-4ABC-8CFD-0712E55DF26F}.Debug|x86.Build.0 = Debug|x86
		{C9114154-B133-4ABC-8CFD-0712E55DF26F}.Debug|x86.Deploy.0 = Debug|x86
		{C9114154-B133-4ABC-8CFD-0712E55DF26F}.Release|Any CPU.ActiveCfg = Release|x86
		{C9114154-B133-4ABC-8CFD-0712E55DF26F}.Release|ARM.ActiveCfg = Release|ARM
		{C9114154-B133-4ABC-8CFD-0712E55DF26F}.Release|ARM.Build.0 = Release|ARM
		{C9114154-B133-4ABC-8CFD-0712E55DF26F}.Release|ARM.Deploy.0 = Release|ARM
		{C9114154-B133-4ABC-8CFD-0712E55DF26F}.Release|ARM64.ActiveCfg = Release|ARM64
		{C9114154-B133-4ABC-8CFD-0712E55DF26F}.Release|ARM64.Build.0 = Release|ARM64
		{C9114154-B133-4ABC-8CFD-0712E55DF26F}.Release|ARM64.Deploy.0 = Release|ARM64
		{C9114154-B133-4ABC-8CFD-0712E55DF26F}.Release|iPhone.ActiveCfg = Release|x86
		{C9114154-B133-4ABC-8CFD-0712E55DF26F}.Release|iPhoneSimulator.ActiveCfg = Release|x86
		{C9114154-B133-4ABC-8CFD-0712E55DF26F}.Release|x64.ActiveCfg = Release|x64
		{C9114154-B133-4ABC-8CFD-0712E55DF26F}.Release|x64.Build.0 = Release|x64
		{C9114154-B133-4ABC-8CFD-0712E55DF26F}.Release|x64.Deploy.0 = Release|x64
		{C9114154-B133-4ABC-8CFD-0712E55DF26F}.Release|x86.ActiveCfg = Release|x86
		{C9114154-B133-4ABC-8CFD-0712E55DF26F}.Release|x86.Build.0 = Release|x86
		{C9114154-B133-4ABC-8CFD-0712E55DF26F}.Release|x86.Deploy.0 = Release|x86
		{A9614C84-B06C-4413-A2F8-71977372487F}.Debug|Any CPU.ActiveCfg = Debug|Any CPU
		{A9614C84-B06C-4413-A2F8-71977372487F}.Debug|Any CPU.Build.0 = Debug|Any CPU
		{A9614C84-B06C-4413-A2F8-71977372487F}.Debug|ARM.ActiveCfg = Debug|Any CPU
		{A9614C84-B06C-4413-A2F8-71977372487F}.Debug|ARM.Build.0 = Debug|Any CPU
		{A9614C84-B06C-4413-A2F8-71977372487F}.Debug|ARM64.ActiveCfg = Debug|Any CPU
		{A9614C84-B06C-4413-A2F8-71977372487F}.Debug|ARM64.Build.0 = Debug|Any CPU
		{A9614C84-B06C-4413-A2F8-71977372487F}.Debug|iPhone.ActiveCfg = Debug|Any CPU
		{A9614C84-B06C-4413-A2F8-71977372487F}.Debug|iPhone.Build.0 = Debug|Any CPU
		{A9614C84-B06C-4413-A2F8-71977372487F}.Debug|iPhoneSimulator.ActiveCfg = Debug|Any CPU
		{A9614C84-B06C-4413-A2F8-71977372487F}.Debug|iPhoneSimulator.Build.0 = Debug|Any CPU
		{A9614C84-B06C-4413-A2F8-71977372487F}.Debug|x64.ActiveCfg = Debug|Any CPU
		{A9614C84-B06C-4413-A2F8-71977372487F}.Debug|x64.Build.0 = Debug|Any CPU
		{A9614C84-B06C-4413-A2F8-71977372487F}.Debug|x86.ActiveCfg = Debug|Any CPU
		{A9614C84-B06C-4413-A2F8-71977372487F}.Debug|x86.Build.0 = Debug|Any CPU
		{A9614C84-B06C-4413-A2F8-71977372487F}.Release|Any CPU.ActiveCfg = Release|Any CPU
		{A9614C84-B06C-4413-A2F8-71977372487F}.Release|Any CPU.Build.0 = Release|Any CPU
		{A9614C84-B06C-4413-A2F8-71977372487F}.Release|ARM.ActiveCfg = Release|Any CPU
		{A9614C84-B06C-4413-A2F8-71977372487F}.Release|ARM.Build.0 = Release|Any CPU
		{A9614C84-B06C-4413-A2F8-71977372487F}.Release|ARM64.ActiveCfg = Release|Any CPU
		{A9614C84-B06C-4413-A2F8-71977372487F}.Release|ARM64.Build.0 = Release|Any CPU
		{A9614C84-B06C-4413-A2F8-71977372487F}.Release|iPhone.ActiveCfg = Release|Any CPU
		{A9614C84-B06C-4413-A2F8-71977372487F}.Release|iPhone.Build.0 = Release|Any CPU
		{A9614C84-B06C-4413-A2F8-71977372487F}.Release|iPhoneSimulator.ActiveCfg = Release|Any CPU
		{A9614C84-B06C-4413-A2F8-71977372487F}.Release|iPhoneSimulator.Build.0 = Release|Any CPU
		{A9614C84-B06C-4413-A2F8-71977372487F}.Release|x64.ActiveCfg = Release|Any CPU
		{A9614C84-B06C-4413-A2F8-71977372487F}.Release|x64.Build.0 = Release|Any CPU
		{A9614C84-B06C-4413-A2F8-71977372487F}.Release|x86.ActiveCfg = Release|Any CPU
		{A9614C84-B06C-4413-A2F8-71977372487F}.Release|x86.Build.0 = Release|Any CPU
		{144C9179-286F-42B3-B80B-FB5BD6E296FB}.Debug|Any CPU.ActiveCfg = Debug|Any CPU
		{144C9179-286F-42B3-B80B-FB5BD6E296FB}.Debug|Any CPU.Build.0 = Debug|Any CPU
		{144C9179-286F-42B3-B80B-FB5BD6E296FB}.Debug|ARM.ActiveCfg = Debug|Any CPU
		{144C9179-286F-42B3-B80B-FB5BD6E296FB}.Debug|ARM.Build.0 = Debug|Any CPU
		{144C9179-286F-42B3-B80B-FB5BD6E296FB}.Debug|ARM64.ActiveCfg = Debug|Any CPU
		{144C9179-286F-42B3-B80B-FB5BD6E296FB}.Debug|ARM64.Build.0 = Debug|Any CPU
		{144C9179-286F-42B3-B80B-FB5BD6E296FB}.Debug|iPhone.ActiveCfg = Debug|Any CPU
		{144C9179-286F-42B3-B80B-FB5BD6E296FB}.Debug|iPhone.Build.0 = Debug|Any CPU
		{144C9179-286F-42B3-B80B-FB5BD6E296FB}.Debug|iPhoneSimulator.ActiveCfg = Debug|Any CPU
		{144C9179-286F-42B3-B80B-FB5BD6E296FB}.Debug|iPhoneSimulator.Build.0 = Debug|Any CPU
		{144C9179-286F-42B3-B80B-FB5BD6E296FB}.Debug|x64.ActiveCfg = Debug|Any CPU
		{144C9179-286F-42B3-B80B-FB5BD6E296FB}.Debug|x64.Build.0 = Debug|Any CPU
		{144C9179-286F-42B3-B80B-FB5BD6E296FB}.Debug|x86.ActiveCfg = Debug|Any CPU
		{144C9179-286F-42B3-B80B-FB5BD6E296FB}.Debug|x86.Build.0 = Debug|Any CPU
		{144C9179-286F-42B3-B80B-FB5BD6E296FB}.Release|Any CPU.ActiveCfg = Release|Any CPU
		{144C9179-286F-42B3-B80B-FB5BD6E296FB}.Release|Any CPU.Build.0 = Release|Any CPU
		{144C9179-286F-42B3-B80B-FB5BD6E296FB}.Release|ARM.ActiveCfg = Release|Any CPU
		{144C9179-286F-42B3-B80B-FB5BD6E296FB}.Release|ARM.Build.0 = Release|Any CPU
		{144C9179-286F-42B3-B80B-FB5BD6E296FB}.Release|ARM64.ActiveCfg = Release|Any CPU
		{144C9179-286F-42B3-B80B-FB5BD6E296FB}.Release|ARM64.Build.0 = Release|Any CPU
		{144C9179-286F-42B3-B80B-FB5BD6E296FB}.Release|iPhone.ActiveCfg = Release|Any CPU
		{144C9179-286F-42B3-B80B-FB5BD6E296FB}.Release|iPhone.Build.0 = Release|Any CPU
		{144C9179-286F-42B3-B80B-FB5BD6E296FB}.Release|iPhoneSimulator.ActiveCfg = Release|Any CPU
		{144C9179-286F-42B3-B80B-FB5BD6E296FB}.Release|iPhoneSimulator.Build.0 = Release|Any CPU
		{144C9179-286F-42B3-B80B-FB5BD6E296FB}.Release|x64.ActiveCfg = Release|Any CPU
		{144C9179-286F-42B3-B80B-FB5BD6E296FB}.Release|x64.Build.0 = Release|Any CPU
		{144C9179-286F-42B3-B80B-FB5BD6E296FB}.Release|x86.ActiveCfg = Release|Any CPU
		{144C9179-286F-42B3-B80B-FB5BD6E296FB}.Release|x86.Build.0 = Release|Any CPU
	EndGlobalSection
	GlobalSection(SolutionProperties) = preSolution
		HideSolutionNode = FALSE
	EndGlobalSection
	GlobalSection(NestedProjects) = preSolution
		{BD5E2BB0-BB9E-4A75-8B10-89DEED9063C1} = {1B70A7E2-7E4D-4BDF-9E0E-500F711788CD}
		{B0959C02-EFDC-4A82-A8E0-C7799A5F69EF} = {1B70A7E2-7E4D-4BDF-9E0E-500F711788CD}
		{C9114154-B133-4ABC-8CFD-0712E55DF26F} = {1B70A7E2-7E4D-4BDF-9E0E-500F711788CD}
		{A9614C84-B06C-4413-A2F8-71977372487F} = {10E91BE0-9D4C-4FC4-9E09-DB406CA2E234}
		{144C9179-286F-42B3-B80B-FB5BD6E296FB} = {10E91BE0-9D4C-4FC4-9E09-DB406CA2E234}
	EndGlobalSection
	GlobalSection(ExtensibilityGlobals) = postSolution
		SolutionGuid = {5B3A496F-382C-4FAA-8092-ED834046B851}
	EndGlobalSection
EndGlobal
